
Microsoft Visual Studio Solution File, Format Version 12.00
# Visual Studio 15
VisualStudioVersion = 15.0.28307.168
MinimumVisualStudioVersion = 10.0.40219.1
Project("{FAE04EC0-301F-11D3-BF4B-00C04F79EFBC}") = "ExpandCollapse.Android", "ExpandCollapse\ExpandCollapse.Android\ExpandCollapse.Android.csproj", "{9103C7EF-3AEE-4CCD-8C00-0ACFFA9201D0}"
EndProject
Project("{FAE04EC0-301F-11D3-BF4B-00C04F79EFBC}") = "ExpandCollapse.iOS", "ExpandCollapse\ExpandCollapse.iOS\ExpandCollapse.iOS.csproj", "{71B84344-D013-48E6-92B5-807A340324E0}"
EndProject
Project("{FAE04EC0-301F-11D3-BF4B-00C04F79EFBC}") = "ExpandCollapse.UWP", "ExpandCollapse\ExpandCollapse.UWP\ExpandCollapse.UWP.csproj", "{4EED41F0-536D-4252-B3E2-1B87D265406D}"
EndProject
Project("{FAE04EC0-301F-11D3-BF4B-00C04F79EFBC}") = "ExpandCollapse", "ExpandCollapse\ExpandCollapse\ExpandCollapse.csproj", "{70EE8FFF-250A-448D-B64B-2E704BA6AFC4}"
EndProject
Global
	GlobalSection(SolutionConfigurationPlatforms) = preSolution
		Ad-Hoc|Any CPU = Ad-Hoc|Any CPU
		Ad-Hoc|ARM = Ad-Hoc|ARM
		Ad-Hoc|iPhone = Ad-Hoc|iPhone
		Ad-Hoc|iPhoneSimulator = Ad-Hoc|iPhoneSimulator
		Ad-Hoc|x64 = Ad-Hoc|x64
		Ad-Hoc|x86 = Ad-Hoc|x86
		AppStore|Any CPU = AppStore|Any CPU
		AppStore|ARM = AppStore|ARM
		AppStore|iPhone = AppStore|iPhone
		AppStore|iPhoneSimulator = AppStore|iPhoneSimulator
		AppStore|x64 = AppStore|x64
		AppStore|x86 = AppStore|x86
		Debug|Any CPU = Debug|Any CPU
		Debug|ARM = Debug|ARM
		Debug|iPhone = Debug|iPhone
		Debug|iPhoneSimulator = Debug|iPhoneSimulator
		Debug|x64 = Debug|x64
		Debug|x86 = Debug|x86
		Release|Any CPU = Release|Any CPU
		Release|ARM = Release|ARM
		Release|iPhone = Release|iPhone
		Release|iPhoneSimulator = Release|iPhoneSimulator
		Release|x64 = Release|x64
		Release|x86 = Release|x86
	EndGlobalSection
	GlobalSection(ProjectConfigurationPlatforms) = postSolution
		{9103C7EF-3AEE-4CCD-8C00-0ACFFA9201D0}.Ad-Hoc|Any CPU.ActiveCfg = Release|Any CPU
		{9103C7EF-3AEE-4CCD-8C00-0ACFFA9201D0}.Ad-Hoc|Any CPU.Build.0 = Release|Any CPU
		{9103C7EF-3AEE-4CCD-8C00-0ACFFA9201D0}.Ad-Hoc|Any CPU.Deploy.0 = Release|Any CPU
		{9103C7EF-3AEE-4CCD-8C00-0ACFFA9201D0}.Ad-Hoc|ARM.ActiveCfg = Release|Any CPU
		{9103C7EF-3AEE-4CCD-8C00-0ACFFA9201D0}.Ad-Hoc|ARM.Build.0 = Release|Any CPU
		{9103C7EF-3AEE-4CCD-8C00-0ACFFA9201D0}.Ad-Hoc|ARM.Deploy.0 = Release|Any CPU
		{9103C7EF-3AEE-4CCD-8C00-0ACFFA9201D0}.Ad-Hoc|iPhone.ActiveCfg = Release|Any CPU
		{9103C7EF-3AEE-4CCD-8C00-0ACFFA9201D0}.Ad-Hoc|iPhone.Build.0 = Release|Any CPU
		{9103C7EF-3AEE-4CCD-8C00-0ACFFA9201D0}.Ad-Hoc|iPhone.Deploy.0 = Release|Any CPU
		{9103C7EF-3AEE-4CCD-8C00-0ACFFA9201D0}.Ad-Hoc|iPhoneSimulator.ActiveCfg = Release|Any CPU
		{9103C7EF-3AEE-4CCD-8C00-0ACFFA9201D0}.Ad-Hoc|iPhoneSimulator.Build.0 = Release|Any CPU
		{9103C7EF-3AEE-4CCD-8C00-0ACFFA9201D0}.Ad-Hoc|iPhoneSimulator.Deploy.0 = Release|Any CPU
		{9103C7EF-3AEE-4CCD-8C00-0ACFFA9201D0}.Ad-Hoc|x64.ActiveCfg = Release|Any CPU
		{9103C7EF-3AEE-4CCD-8C00-0ACFFA9201D0}.Ad-Hoc|x64.Build.0 = Release|Any CPU
		{9103C7EF-3AEE-4CCD-8C00-0ACFFA9201D0}.Ad-Hoc|x64.Deploy.0 = Release|Any CPU
		{9103C7EF-3AEE-4CCD-8C00-0ACFFA9201D0}.Ad-Hoc|x86.ActiveCfg = Release|Any CPU
		{9103C7EF-3AEE-4CCD-8C00-0ACFFA9201D0}.Ad-Hoc|x86.Build.0 = Release|Any CPU
		{9103C7EF-3AEE-4CCD-8C00-0ACFFA9201D0}.Ad-Hoc|x86.Deploy.0 = Release|Any CPU
		{9103C7EF-3AEE-4CCD-8C00-0ACFFA9201D0}.AppStore|Any CPU.ActiveCfg = Release|Any CPU
		{9103C7EF-3AEE-4CCD-8C00-0ACFFA9201D0}.AppStore|Any CPU.Build.0 = Release|Any CPU
		{9103C7EF-3AEE-4CCD-8C00-0ACFFA9201D0}.AppStore|Any CPU.Deploy.0 = Release|Any CPU
		{9103C7EF-3AEE-4CCD-8C00-0ACFFA9201D0}.AppStore|ARM.ActiveCfg = Release|Any CPU
		{9103C7EF-3AEE-4CCD-8C00-0ACFFA9201D0}.AppStore|ARM.Build.0 = Release|Any CPU
		{9103C7EF-3AEE-4CCD-8C00-0ACFFA9201D0}.AppStore|ARM.Deploy.0 = Release|Any CPU
		{9103C7EF-3AEE-4CCD-8C00-0ACFFA9201D0}.AppStore|iPhone.ActiveCfg = Release|Any CPU
		{9103C7EF-3AEE-4CCD-8C00-0ACFFA9201D0}.AppStore|iPhone.Build.0 = Release|Any CPU
		{9103C7EF-3AEE-4CCD-8C00-0ACFFA9201D0}.AppStore|iPhone.Deploy.0 = Release|Any CPU
		{9103C7EF-3AEE-4CCD-8C00-0ACFFA9201D0}.AppStore|iPhoneSimulator.ActiveCfg = Release|Any CPU
		{9103C7EF-3AEE-4CCD-8C00-0ACFFA9201D0}.AppStore|iPhoneSimulator.Build.0 = Release|Any CPU
		{9103C7EF-3AEE-4CCD-8C00-0ACFFA9201D0}.AppStore|iPhoneSimulator.Deploy.0 = Release|Any CPU
		{9103C7EF-3AEE-4CCD-8C00-0ACFFA9201D0}.AppStore|x64.ActiveCfg = Release|Any CPU
		{9103C7EF-3AEE-4CCD-8C00-0ACFFA9201D0}.AppStore|x64.Build.0 = Release|Any CPU
		{9103C7EF-3AEE-4CCD-8C00-0ACFFA9201D0}.AppStore|x64.Deploy.0 = Release|Any CPU
		{9103C7EF-3AEE-4CCD-8C00-0ACFFA9201D0}.AppStore|x86.ActiveCfg = Release|Any CPU
		{9103C7EF-3AEE-4CCD-8C00-0ACFFA9201D0}.AppStore|x86.Build.0 = Release|Any CPU
		{9103C7EF-3AEE-4CCD-8C00-0ACFFA9201D0}.AppStore|x86.Deploy.0 = Release|Any CPU
		{9103C7EF-3AEE-4CCD-8C00-0ACFFA9201D0}.Debug|Any CPU.ActiveCfg = Debug|Any CPU
		{9103C7EF-3AEE-4CCD-8C00-0ACFFA9201D0}.Debug|Any CPU.Build.0 = Debug|Any CPU
		{9103C7EF-3AEE-4CCD-8C00-0ACFFA9201D0}.Debug|Any CPU.Deploy.0 = Debug|Any CPU
		{9103C7EF-3AEE-4CCD-8C00-0ACFFA9201D0}.Debug|ARM.ActiveCfg = Debug|Any CPU
		{9103C7EF-3AEE-4CCD-8C00-0ACFFA9201D0}.Debug|ARM.Build.0 = Debug|Any CPU
		{9103C7EF-3AEE-4CCD-8C00-0ACFFA9201D0}.Debug|ARM.Deploy.0 = Debug|Any CPU
		{9103C7EF-3AEE-4CCD-8C00-0ACFFA9201D0}.Debug|iPhone.ActiveCfg = Debug|Any CPU
		{9103C7EF-3AEE-4CCD-8C00-0ACFFA9201D0}.Debug|iPhone.Build.0 = Debug|Any CPU
		{9103C7EF-3AEE-4CCD-8C00-0ACFFA9201D0}.Debug|iPhone.Deploy.0 = Debug|Any CPU
		{9103C7EF-3AEE-4CCD-8C00-0ACFFA9201D0}.Debug|iPhoneSimulator.ActiveCfg = Debug|Any CPU
		{9103C7EF-3AEE-4CCD-8C00-0ACFFA9201D0}.Debug|iPhoneSimulator.Build.0 = Debug|Any CPU
		{9103C7EF-3AEE-4CCD-8C00-0ACFFA9201D0}.Debug|iPhoneSimulator.Deploy.0 = Debug|Any CPU
		{9103C7EF-3AEE-4CCD-8C00-0ACFFA9201D0}.Debug|x64.ActiveCfg = Debug|Any CPU
		{9103C7EF-3AEE-4CCD-8C00-0ACFFA9201D0}.Debug|x64.Build.0 = Debug|Any CPU
		{9103C7EF-3AEE-4CCD-8C00-0ACFFA9201D0}.Debug|x64.Deploy.0 = Debug|Any CPU
		{9103C7EF-3AEE-4CCD-8C00-0ACFFA9201D0}.Debug|x86.ActiveCfg = Debug|Any CPU
		{9103C7EF-3AEE-4CCD-8C00-0ACFFA9201D0}.Debug|x86.Build.0 = Debug|Any CPU
		{9103C7EF-3AEE-4CCD-8C00-0ACFFA9201D0}.Debug|x86.Deploy.0 = Debug|Any CPU
		{9103C7EF-3AEE-4CCD-8C00-0ACFFA9201D0}.Release|Any CPU.ActiveCfg = Release|Any CPU
		{9103C7EF-3AEE-4CCD-8C00-0ACFFA9201D0}.Release|Any CPU.Build.0 = Release|Any CPU
		{9103C7EF-3AEE-4CCD-8C00-0ACFFA9201D0}.Release|Any CPU.Deploy.0 = Release|Any CPU
		{9103C7EF-3AEE-4CCD-8C00-0ACFFA9201D0}.Release|ARM.ActiveCfg = Release|Any CPU
		{9103C7EF-3AEE-4CCD-8C00-0ACFFA9201D0}.Release|ARM.Build.0 = Release|Any CPU
		{9103C7EF-3AEE-4CCD-8C00-0ACFFA9201D0}.Release|ARM.Deploy.0 = Release|Any CPU
		{9103C7EF-3AEE-4CCD-8C00-0ACFFA9201D0}.Release|iPhone.ActiveCfg = Release|Any CPU
		{9103C7EF-3AEE-4CCD-8C00-0ACFFA9201D0}.Release|iPhone.Build.0 = Release|Any CPU
		{9103C7EF-3AEE-4CCD-8C00-0ACFFA9201D0}.Release|iPhone.Deploy.0 = Release|Any CPU
		{9103C7EF-3AEE-4CCD-8C00-0ACFFA9201D0}.Release|iPhoneSimulator.ActiveCfg = Release|Any CPU
		{9103C7EF-3AEE-4CCD-8C00-0ACFFA9201D0}.Release|iPhoneSimulator.Build.0 = Release|Any CPU
		{9103C7EF-3AEE-4CCD-8C00-0ACFFA9201D0}.Release|iPhoneSimulator.Deploy.0 = Release|Any CPU
		{9103C7EF-3AEE-4CCD-8C00-0ACFFA9201D0}.Release|x64.ActiveCfg = Release|Any CPU
		{9103C7EF-3AEE-4CCD-8C00-0ACFFA9201D0}.Release|x64.Build.0 = Release|Any CPU
		{9103C7EF-3AEE-4CCD-8C00-0ACFFA9201D0}.Release|x64.Deploy.0 = Release|Any CPU
		{9103C7EF-3AEE-4CCD-8C00-0ACFFA9201D0}.Release|x86.ActiveCfg = Release|Any CPU
		{9103C7EF-3AEE-4CCD-8C00-0ACFFA9201D0}.Release|x86.Build.0 = Release|Any CPU
		{9103C7EF-3AEE-4CCD-8C00-0ACFFA9201D0}.Release|x86.Deploy.0 = Release|Any CPU
		{71B84344-D013-48E6-92B5-807A340324E0}.Ad-Hoc|Any CPU.ActiveCfg = Ad-Hoc|iPhone
		{71B84344-D013-48E6-92B5-807A340324E0}.Ad-Hoc|Any CPU.Build.0 = Ad-Hoc|iPhone
		{71B84344-D013-48E6-92B5-807A340324E0}.Ad-Hoc|Any CPU.Deploy.0 = Ad-Hoc|iPhone
		{71B84344-D013-48E6-92B5-807A340324E0}.Ad-Hoc|ARM.ActiveCfg = Ad-Hoc|iPhone
		{71B84344-D013-48E6-92B5-807A340324E0}.Ad-Hoc|ARM.Build.0 = Ad-Hoc|iPhone
		{71B84344-D013-48E6-92B5-807A340324E0}.Ad-Hoc|ARM.Deploy.0 = Ad-Hoc|iPhone
		{71B84344-D013-48E6-92B5-807A340324E0}.Ad-Hoc|iPhone.ActiveCfg = Ad-Hoc|iPhone
		{71B84344-D013-48E6-92B5-807A340324E0}.Ad-Hoc|iPhone.Build.0 = Ad-Hoc|iPhone
		{71B84344-D013-48E6-92B5-807A340324E0}.Ad-Hoc|iPhone.Deploy.0 = Ad-Hoc|iPhone
		{71B84344-D013-48E6-92B5-807A340324E0}.Ad-Hoc|iPhoneSimulator.ActiveCfg = Ad-Hoc|iPhoneSimulator
		{71B84344-D013-48E6-92B5-807A340324E0}.Ad-Hoc|iPhoneSimulator.Build.0 = Ad-Hoc|iPhoneSimulator
		{71B84344-D013-48E6-92B5-807A340324E0}.Ad-Hoc|iPhoneSimulator.Deploy.0 = Ad-Hoc|iPhoneSimulator
		{71B84344-D013-48E6-92B5-807A340324E0}.Ad-Hoc|x64.ActiveCfg = Ad-Hoc|iPhone
		{71B84344-D013-48E6-92B5-807A340324E0}.Ad-Hoc|x64.Build.0 = Ad-Hoc|iPhone
		{71B84344-D013-48E6-92B5-807A340324E0}.Ad-Hoc|x64.Deploy.0 = Ad-Hoc|iPhone
		{71B84344-D013-48E6-92B5-807A340324E0}.Ad-Hoc|x86.ActiveCfg = Ad-Hoc|iPhone
		{71B84344-D013-48E6-92B5-807A340324E0}.Ad-Hoc|x86.Build.0 = Ad-Hoc|iPhone
		{71B84344-D013-48E6-92B5-807A340324E0}.Ad-Hoc|x86.Deploy.0 = Ad-Hoc|iPhone
		{71B84344-D013-48E6-92B5-807A340324E0}.AppStore|Any CPU.ActiveCfg = AppStore|iPhone
		{71B84344-D013-48E6-92B5-807A340324E0}.AppStore|Any CPU.Build.0 = AppStore|iPhone
		{71B84344-D013-48E6-92B5-807A340324E0}.AppStore|Any CPU.Deploy.0 = AppStore|iPhone
		{71B84344-D013-48E6-92B5-807A340324E0}.AppStore|ARM.ActiveCfg = AppStore|iPhone
		{71B84344-D013-48E6-92B5-807A340324E0}.AppStore|ARM.Build.0 = AppStore|iPhone
		{71B84344-D013-48E6-92B5-807A340324E0}.AppStore|ARM.Deploy.0 = AppStore|iPhone
		{71B84344-D013-48E6-92B5-807A340324E0}.AppStore|iPhone.ActiveCfg = AppStore|iPhone
		{71B84344-D013-48E6-92B5-807A340324E0}.AppStore|iPhone.Build.0 = AppStore|iPhone
		{71B84344-D013-48E6-92B5-807A340324E0}.AppStore|iPhone.Deploy.0 = AppStore|iPhone
		{71B84344-D013-48E6-92B5-807A340324E0}.AppStore|iPhoneSimulator.ActiveCfg = AppStore|iPhoneSimulator
		{71B84344-D013-48E6-92B5-807A340324E0}.AppStore|iPhoneSimulator.Build.0 = AppStore|iPhoneSimulator
		{71B84344-D013-48E6-92B5-807A340324E0}.AppStore|iPhoneSimulator.Deploy.0 = AppStore|iPhoneSimulator
		{71B84344-D013-48E6-92B5-807A340324E0}.AppStore|x64.ActiveCfg = AppStore|iPhone
		{71B84344-D013-48E6-92B5-807A340324E0}.AppStore|x64.Build.0 = AppStore|iPhone
		{71B84344-D013-48E6-92B5-807A340324E0}.AppStore|x64.Deploy.0 = AppStore|iPhone
		{71B84344-D013-48E6-92B5-807A340324E0}.AppStore|x86.ActiveCfg = AppStore|iPhone
		{71B84344-D013-48E6-92B5-807A340324E0}.AppStore|x86.Build.0 = AppStore|iPhone
		{71B84344-D013-48E6-92B5-807A340324E0}.AppStore|x86.Deploy.0 = AppStore|iPhone
		{71B84344-D013-48E6-92B5-807A340324E0}.Debug|Any CPU.ActiveCfg = Debug|iPhoneSimulator
		{71B84344-D013-48E6-92B5-807A340324E0}.Debug|Any CPU.Build.0 = Debug|iPhoneSimulator
		{71B84344-D013-48E6-92B5-807A340324E0}.Debug|Any CPU.Deploy.0 = Debug|iPhoneSimulator
		{71B84344-D013-48E6-92B5-807A340324E0}.Debug|ARM.ActiveCfg = Debug|iPhone
		{71B84344-D013-48E6-92B5-807A340324E0}.Debug|ARM.Build.0 = Debug|iPhone
		{71B84344-D013-48E6-92B5-807A340324E0}.Debug|ARM.Deploy.0 = Debug|iPhone
		{71B84344-D013-48E6-92B5-807A340324E0}.Debug|iPhone.ActiveCfg = Debug|iPhone
		{71B84344-D013-48E6-92B5-807A340324E0}.Debug|iPhone.Build.0 = Debug|iPhone
		{71B84344-D013-48E6-92B5-807A340324E0}.Debug|iPhone.Deploy.0 = Debug|iPhone
		{71B84344-D013-48E6-92B5-807A340324E0}.Debug|iPhoneSimulator.ActiveCfg = Debug|iPhoneSimulator
		{71B84344-D013-48E6-92B5-807A340324E0}.Debug|iPhoneSimulator.Build.0 = Debug|iPhoneSimulator
		{71B84344-D013-48E6-92B5-807A340324E0}.Debug|iPhoneSimulator.Deploy.0 = Debug|iPhoneSimulator
		{71B84344-D013-48E6-92B5-807A340324E0}.Debug|x64.ActiveCfg = Debug|iPhone
		{71B84344-D013-48E6-92B5-807A340324E0}.Debug|x64.Build.0 = Debug|iPhone
		{71B84344-D013-48E6-92B5-807A340324E0}.Debug|x64.Deploy.0 = Debug|iPhone
		{71B84344-D013-48E6-92B5-807A340324E0}.Debug|x86.ActiveCfg = Debug|iPhone
		{71B84344-D013-48E6-92B5-807A340324E0}.Debug|x86.Build.0 = Debug|iPhone
		{71B84344-D013-48E6-92B5-807A340324E0}.Debug|x86.Deploy.0 = Debug|iPhone
		{71B84344-D013-48E6-92B5-807A340324E0}.Release|Any CPU.ActiveCfg = Release|iPhone
		{71B84344-D013-48E6-92B5-807A340324E0}.Release|Any CPU.Build.0 = Release|iPhone
		{71B84344-D013-48E6-92B5-807A340324E0}.Release|Any CPU.Deploy.0 = Release|iPhone
		{71B84344-D013-48E6-92B5-807A340324E0}.Release|ARM.ActiveCfg = Release|iPhone
		{71B84344-D013-48E6-92B5-807A340324E0}.Release|ARM.Build.0 = Release|iPhone
		{71B84344-D013-48E6-92B5-807A340324E0}.Release|ARM.Deploy.0 = Release|iPhone
		{71B84344-D013-48E6-92B5-807A340324E0}.Release|iPhone.ActiveCfg = Release|iPhone
		{71B84344-D013-48E6-92B5-807A340324E0}.Release|iPhone.Build.0 = Release|iPhone
		{71B84344-D013-48E6-92B5-807A340324E0}.Release|iPhone.Deploy.0 = Release|iPhone
		{71B84344-D013-48E6-92B5-807A340324E0}.Release|iPhoneSimulator.ActiveCfg = Release|iPhoneSimulator
		{71B84344-D013-48E6-92B5-807A340324E0}.Release|iPhoneSimulator.Build.0 = Release|iPhoneSimulator
		{71B84344-D013-48E6-92B5-807A340324E0}.Release|iPhoneSimulator.Deploy.0 = Release|iPhoneSimulator
		{71B84344-D013-48E6-92B5-807A340324E0}.Release|x64.ActiveCfg = Release|iPhone
		{71B84344-D013-48E6-92B5-807A340324E0}.Release|x64.Build.0 = Release|iPhone
		{71B84344-D013-48E6-92B5-807A340324E0}.Release|x64.Deploy.0 = Release|iPhone
		{71B84344-D013-48E6-92B5-807A340324E0}.Release|x86.ActiveCfg = Release|iPhone
		{71B84344-D013-48E6-92B5-807A340324E0}.Release|x86.Build.0 = Release|iPhone
		{71B84344-D013-48E6-92B5-807A340324E0}.Release|x86.Deploy.0 = Release|iPhone
		{4EED41F0-536D-4252-B3E2-1B87D265406D}.Ad-Hoc|Any CPU.ActiveCfg = Release|x86
		{4EED41F0-536D-4252-B3E2-1B87D265406D}.Ad-Hoc|Any CPU.Build.0 = Release|x86
		{4EED41F0-536D-4252-B3E2-1B87D265406D}.Ad-Hoc|Any CPU.Deploy.0 = Release|x86
		{4EED41F0-536D-4252-B3E2-1B87D265406D}.Ad-Hoc|ARM.ActiveCfg = Release|ARM
		{4EED41F0-536D-4252-B3E2-1B87D265406D}.Ad-Hoc|ARM.Build.0 = Release|ARM
		{4EED41F0-536D-4252-B3E2-1B87D265406D}.Ad-Hoc|ARM.Deploy.0 = Release|ARM
		{4EED41F0-536D-4252-B3E2-1B87D265406D}.Ad-Hoc|iPhone.ActiveCfg = Release|x86
		{4EED41F0-536D-4252-B3E2-1B87D265406D}.Ad-Hoc|iPhone.Build.0 = Release|x86
		{4EED41F0-536D-4252-B3E2-1B87D265406D}.Ad-Hoc|iPhone.Deploy.0 = Release|x86
		{4EED41F0-536D-4252-B3E2-1B87D265406D}.Ad-Hoc|iPhoneSimulator.ActiveCfg = Release|x86
		{4EED41F0-536D-4252-B3E2-1B87D265406D}.Ad-Hoc|iPhoneSimulator.Build.0 = Release|x86
		{4EED41F0-536D-4252-B3E2-1B87D265406D}.Ad-Hoc|iPhoneSimulator.Deploy.0 = Release|x86
		{4EED41F0-536D-4252-B3E2-1B87D265406D}.Ad-Hoc|x64.ActiveCfg = Release|x64
		{4EED41F0-536D-4252-B3E2-1B87D265406D}.Ad-Hoc|x64.Build.0 = Release|x64
		{4EED41F0-536D-4252-B3E2-1B87D265406D}.Ad-Hoc|x64.Deploy.0 = Release|x64
		{4EED41F0-536D-4252-B3E2-1B87D265406D}.Ad-Hoc|x86.ActiveCfg = Release|x86
		{4EED41F0-536D-4252-B3E2-1B87D265406D}.Ad-Hoc|x86.Build.0 = Release|x86
		{4EED41F0-536D-4252-B3E2-1B87D265406D}.Ad-Hoc|x86.Deploy.0 = Release|x86
		{4EED41F0-536D-4252-B3E2-1B87D265406D}.AppStore|Any CPU.ActiveCfg = Release|x86
		{4EED41F0-536D-4252-B3E2-1B87D265406D}.AppStore|Any CPU.Build.0 = Release|x86
		{4EED41F0-536D-4252-B3E2-1B87D265406D}.AppStore|Any CPU.Deploy.0 = Release|x86
		{4EED41F0-536D-4252-B3E2-1B87D265406D}.AppStore|ARM.ActiveCfg = Release|ARM
		{4EED41F0-536D-4252-B3E2-1B87D265406D}.AppStore|ARM.Build.0 = Release|ARM
		{4EED41F0-536D-4252-B3E2-1B87D265406D}.AppStore|ARM.Deploy.0 = Release|ARM
		{4EED41F0-536D-4252-B3E2-1B87D265406D}.AppStore|iPhone.ActiveCfg = Release|x86
		{4EED41F0-536D-4252-B3E2-1B87D265406D}.AppStore|iPhone.Build.0 = Release|x86
		{4EED41F0-536D-4252-B3E2-1B87D265406D}.AppStore|iPhone.Deploy.0 = Release|x86
		{4EED41F0-536D-4252-B3E2-1B87D265406D}.AppStore|iPhoneSimulator.ActiveCfg = Release|x86
		{4EED41F0-536D-4252-B3E2-1B87D265406D}.AppStore|iPhoneSimulator.Build.0 = Release|x86
		{4EED41F0-536D-4252-B3E2-1B87D265406D}.AppStore|iPhoneSimulator.Deploy.0 = Release|x86
		{4EED41F0-536D-4252-B3E2-1B87D265406D}.AppStore|x64.ActiveCfg = Release|x64
		{4EED41F0-536D-4252-B3E2-1B87D265406D}.AppStore|x64.Build.0 = Release|x64
		{4EED41F0-536D-4252-B3E2-1B87D265406D}.AppStore|x64.Deploy.0 = Release|x64
		{4EED41F0-536D-4252-B3E2-1B87D265406D}.AppStore|x86.ActiveCfg = Release|x86
		{4EED41F0-536D-4252-B3E2-1B87D265406D}.AppStore|x86.Build.0 = Release|x86
		{4EED41F0-536D-4252-B3E2-1B87D265406D}.AppStore|x86.Deploy.0 = Release|x86
		{4EED41F0-536D-4252-B3E2-1B87D265406D}.Debug|Any CPU.ActiveCfg = Debug|x86
		{4EED41F0-536D-4252-B3E2-1B87D265406D}.Debug|Any CPU.Build.0 = Debug|x86
		{4EED41F0-536D-4252-B3E2-1B87D265406D}.Debug|Any CPU.Deploy.0 = Debug|x86
		{4EED41F0-536D-4252-B3E2-1B87D265406D}.Debug|ARM.ActiveCfg = Debug|ARM
		{4EED41F0-536D-4252-B3E2-1B87D265406D}.Debug|ARM.Build.0 = Debug|ARM
		{4EED41F0-536D-4252-B3E2-1B87D265406D}.Debug|ARM.Deploy.0 = Debug|ARM
		{4EED41F0-536D-4252-B3E2-1B87D265406D}.Debug|iPhone.ActiveCfg = Debug|x86
		{4EED41F0-536D-4252-B3E2-1B87D265406D}.Debug|iPhone.Build.0 = Debug|x86
		{4EED41F0-536D-4252-B3E2-1B87D265406D}.Debug|iPhone.Deploy.0 = Debug|x86
		{4EED41F0-536D-4252-B3E2-1B87D265406D}.Debug|iPhoneSimulator.ActiveCfg = Debug|x86
		{4EED41F0-536D-4252-B3E2-1B87D265406D}.Debug|iPhoneSimulator.Build.0 = Debug|x86
		{4EED41F0-536D-4252-B3E2-1B87D265406D}.Debug|iPhoneSimulator.Deploy.0 = Debug|x86
		{4EED41F0-536D-4252-B3E2-1B87D265406D}.Debug|x64.ActiveCfg = Debug|x64
		{4EED41F0-536D-4252-B3E2-1B87D265406D}.Debug|x64.Build.0 = Debug|x64
		{4EED41F0-536D-4252-B3E2-1B87D265406D}.Debug|x64.Deploy.0 = Debug|x64
		{4EED41F0-536D-4252-B3E2-1B87D265406D}.Debug|x86.ActiveCfg = Debug|x86
		{4EED41F0-536D-4252-B3E2-1B87D265406D}.Debug|x86.Build.0 = Debug|x86
		{4EED41F0-536D-4252-B3E2-1B87D265406D}.Debug|x86.Deploy.0 = Debug|x86
		{4EED41F0-536D-4252-B3E2-1B87D265406D}.Release|Any CPU.ActiveCfg = Release|x86
		{4EED41F0-536D-4252-B3E2-1B87D265406D}.Release|Any CPU.Build.0 = Release|x86
		{4EED41F0-536D-4252-B3E2-1B87D265406D}.Release|Any CPU.Deploy.0 = Release|x86
		{4EED41F0-536D-4252-B3E2-1B87D265406D}.Release|ARM.ActiveCfg = Release|ARM
		{4EED41F0-536D-4252-B3E2-1B87D265406D}.Release|ARM.Build.0 = Release|ARM
		{4EED41F0-536D-4252-B3E2-1B87D265406D}.Release|ARM.Deploy.0 = Release|ARM
		{4EED41F0-536D-4252-B3E2-1B87D265406D}.Release|iPhone.ActiveCfg = Release|x86
		{4EED41F0-536D-4252-B3E2-1B87D265406D}.Release|iPhone.Build.0 = Release|x86
		{4EED41F0-536D-4252-B3E2-1B87D265406D}.Release|iPhone.Deploy.0 = Release|x86
		{4EED41F0-536D-4252-B3E2-1B87D265406D}.Release|iPhoneSimulator.ActiveCfg = Release|x86
		{4EED41F0-536D-4252-B3E2-1B87D265406D}.Release|iPhoneSimulator.Build.0 = Release|x86
		{4EED41F0-536D-4252-B3E2-1B87D265406D}.Release|iPhoneSimulator.Deploy.0 = Release|x86
		{4EED41F0-536D-4252-B3E2-1B87D265406D}.Release|x64.ActiveCfg = Release|x64
		{4EED41F0-536D-4252-B3E2-1B87D265406D}.Release|x64.Build.0 = Release|x64
		{4EED41F0-536D-4252-B3E2-1B87D265406D}.Release|x64.Deploy.0 = Release|x64
		{4EED41F0-536D-4252-B3E2-1B87D265406D}.Release|x86.ActiveCfg = Release|x86
		{4EED41F0-536D-4252-B3E2-1B87D265406D}.Release|x86.Build.0 = Release|x86
		{4EED41F0-536D-4252-B3E2-1B87D265406D}.Release|x86.Deploy.0 = Release|x86
		{70EE8FFF-250A-448D-B64B-2E704BA6AFC4}.Ad-Hoc|Any CPU.ActiveCfg = Debug|Any CPU
		{70EE8FFF-250A-448D-B64B-2E704BA6AFC4}.Ad-Hoc|Any CPU.Build.0 = Debug|Any CPU
		{70EE8FFF-250A-448D-B64B-2E704BA6AFC4}.Ad-Hoc|Any CPU.Deploy.0 = Debug|Any CPU
		{70EE8FFF-250A-448D-B64B-2E704BA6AFC4}.Ad-Hoc|ARM.ActiveCfg = Debug|Any CPU
		{70EE8FFF-250A-448D-B64B-2E704BA6AFC4}.Ad-Hoc|ARM.Build.0 = Debug|Any CPU
		{70EE8FFF-250A-448D-B64B-2E704BA6AFC4}.Ad-Hoc|ARM.Deploy.0 = Debug|Any CPU
		{70EE8FFF-250A-448D-B64B-2E704BA6AFC4}.Ad-Hoc|iPhone.ActiveCfg = Debug|Any CPU
		{70EE8FFF-250A-448D-B64B-2E704BA6AFC4}.Ad-Hoc|iPhone.Build.0 = Debug|Any CPU
		{70EE8FFF-250A-448D-B64B-2E704BA6AFC4}.Ad-Hoc|iPhone.Deploy.0 = Debug|Any CPU
		{70EE8FFF-250A-448D-B64B-2E704BA6AFC4}.Ad-Hoc|iPhoneSimulator.ActiveCfg = Debug|Any CPU
		{70EE8FFF-250A-448D-B64B-2E704BA6AFC4}.Ad-Hoc|iPhoneSimulator.Build.0 = Debug|Any CPU
		{70EE8FFF-250A-448D-B64B-2E704BA6AFC4}.Ad-Hoc|iPhoneSimulator.Deploy.0 = Debug|Any CPU
		{70EE8FFF-250A-448D-B64B-2E704BA6AFC4}.Ad-Hoc|x64.ActiveCfg = Debug|Any CPU
		{70EE8FFF-250A-448D-B64B-2E704BA6AFC4}.Ad-Hoc|x64.Build.0 = Debug|Any CPU
		{70EE8FFF-250A-448D-B64B-2E704BA6AFC4}.Ad-Hoc|x64.Deploy.0 = Debug|Any CPU
		{70EE8FFF-250A-448D-B64B-2E704BA6AFC4}.Ad-Hoc|x86.ActiveCfg = Debug|Any CPU
		{70EE8FFF-250A-448D-B64B-2E704BA6AFC4}.Ad-Hoc|x86.Build.0 = Debug|Any CPU
		{70EE8FFF-250A-448D-B64B-2E704BA6AFC4}.Ad-Hoc|x86.Deploy.0 = Debug|Any CPU
		{70EE8FFF-250A-448D-B64B-2E704BA6AFC4}.AppStore|Any CPU.ActiveCfg = Debug|Any CPU
		{70EE8FFF-250A-448D-B64B-2E704BA6AFC4}.AppStore|Any CPU.Build.0 = Debug|Any CPU
		{70EE8FFF-250A-448D-B64B-2E704BA6AFC4}.AppStore|Any CPU.Deploy.0 = Debug|Any CPU
		{70EE8FFF-250A-448D-B64B-2E704BA6AFC4}.AppStore|ARM.ActiveCfg = Debug|Any CPU
		{70EE8FFF-250A-448D-B64B-2E704BA6AFC4}.AppStore|ARM.Build.0 = Debug|Any CPU
		{70EE8FFF-250A-448D-B64B-2E704BA6AFC4}.AppStore|ARM.Deploy.0 = Debug|Any CPU
		{70EE8FFF-250A-448D-B64B-2E704BA6AFC4}.AppStore|iPhone.ActiveCfg = Debug|Any CPU
		{70EE8FFF-250A-448D-B64B-2E704BA6AFC4}.AppStore|iPhone.Build.0 = Debug|Any CPU
		{70EE8FFF-250A-448D-B64B-2E704BA6AFC4}.AppStore|iPhone.Deploy.0 = Debug|Any CPU
		{70EE8FFF-250A-448D-B64B-2E704BA6AFC4}.AppStore|iPhoneSimulator.ActiveCfg = Debug|Any CPU
		{70EE8FFF-250A-448D-B64B-2E704BA6AFC4}.AppStore|iPhoneSimulator.Build.0 = Debug|Any CPU
		{70EE8FFF-250A-448D-B64B-2E704BA6AFC4}.AppStore|iPhoneSimulator.Deploy.0 = Debug|Any CPU
		{70EE8FFF-250A-448D-B64B-2E704BA6AFC4}.AppStore|x64.ActiveCfg = Debug|Any CPU
		{70EE8FFF-250A-448D-B64B-2E704BA6AFC4}.AppStore|x64.Build.0 = Debug|Any CPU
		{70EE8FFF-250A-448D-B64B-2E704BA6AFC4}.AppStore|x64.Deploy.0 = Debug|Any CPU
		{70EE8FFF-250A-448D-B64B-2E704BA6AFC4}.AppStore|x86.ActiveCfg = Debug|Any CPU
		{70EE8FFF-250A-448D-B64B-2E704BA6AFC4}.AppStore|x86.Build.0 = Debug|Any CPU
		{70EE8FFF-250A-448D-B64B-2E704BA6AFC4}.AppStore|x86.Deploy.0 = Debug|Any CPU
		{70EE8FFF-250A-448D-B64B-2E704BA6AFC4}.Debug|Any CPU.ActiveCfg = Debug|Any CPU
		{70EE8FFF-250A-448D-B64B-2E704BA6AFC4}.Debug|Any CPU.Build.0 = Debug|Any CPU
		{70EE8FFF-250A-448D-B64B-2E704BA6AFC4}.Debug|Any CPU.Deploy.0 = Debug|Any CPU
		{70EE8FFF-250A-448D-B64B-2E704BA6AFC4}.Debug|ARM.ActiveCfg = Debug|Any CPU
		{70EE8FFF-250A-448D-B64B-2E704BA6AFC4}.Debug|ARM.Build.0 = Debug|Any CPU
		{70EE8FFF-250A-448D-B64B-2E704BA6AFC4}.Debug|ARM.Deploy.0 = Debug|Any CPU
		{70EE8FFF-250A-448D-B64B-2E704BA6AFC4}.Debug|iPhone.ActiveCfg = Debug|Any CPU
		{70EE8FFF-250A-448D-B64B-2E704BA6AFC4}.Debug|iPhone.Build.0 = Debug|Any CPU
		{70EE8FFF-250A-448D-B64B-2E704BA6AFC4}.Debug|iPhone.Deploy.0 = Debug|Any CPU
		{70EE8FFF-250A-448D-B64B-2E704BA6AFC4}.Debug|iPhoneSimulator.ActiveCfg = Debug|Any CPU
		{70EE8FFF-250A-448D-B64B-2E704BA6AFC4}.Debug|iPhoneSimulator.Build.0 = Debug|Any CPU
		{70EE8FFF-250A-448D-B64B-2E704BA6AFC4}.Debug|iPhoneSimulator.Deploy.0 = Debug|Any CPU
		{70EE8FFF-250A-448D-B64B-2E704BA6AFC4}.Debug|x64.ActiveCfg = Debug|Any CPU
		{70EE8FFF-250A-448D-B64B-2E704BA6AFC4}.Debug|x64.Build.0 = Debug|Any CPU
		{70EE8FFF-250A-448D-B64B-2E704BA6AFC4}.Debug|x64.Deploy.0 = Debug|Any CPU
		{70EE8FFF-250A-448D-B64B-2E704BA6AFC4}.Debug|x86.ActiveCfg = Debug|Any CPU
		{70EE8FFF-250A-448D-B64B-2E704BA6AFC4}.Debug|x86.Build.0 = Debug|Any CPU
		{70EE8FFF-250A-448D-B64B-2E704BA6AFC4}.Debug|x86.Deploy.0 = Debug|Any CPU
		{70EE8FFF-250A-448D-B64B-2E704BA6AFC4}.Release|Any CPU.ActiveCfg = Release|Any CPU
		{70EE8FFF-250A-448D-B64B-2E704BA6AFC4}.Release|Any CPU.Build.0 = Release|Any CPU
		{70EE8FFF-250A-448D-B64B-2E704BA6AFC4}.Release|Any CPU.Deploy.0 = Release|Any CPU
		{70EE8FFF-250A-448D-B64B-2E704BA6AFC4}.Release|ARM.ActiveCfg = Release|Any CPU
		{70EE8FFF-250A-448D-B64B-2E704BA6AFC4}.Release|ARM.Build.0 = Release|Any CPU
		{70EE8FFF-250A-448D-B64B-2E704BA6AFC4}.Release|ARM.Deploy.0 = Release|Any CPU
		{70EE8FFF-250A-448D-B64B-2E704BA6AFC4}.Release|iPhone.ActiveCfg = Release|Any CPU
		{70EE8FFF-250A-448D-B64B-2E704BA6AFC4}.Release|iPhone.Build.0 = Release|Any CPU
		{70EE8FFF-250A-448D-B64B-2E704BA6AFC4}.Release|iPhone.Deploy.0 = Release|Any CPU
		{70EE8FFF-250A-448D-B64B-2E704BA6AFC4}.Release|iPhoneSimulator.ActiveCfg = Release|Any CPU
		{70EE8FFF-250A-448D-B64B-2E704BA6AFC4}.Release|iPhoneSimulator.Build.0 = Release|Any CPU
		{70EE8FFF-250A-448D-B64B-2E704BA6AFC4}.Release|iPhoneSimulator.Deploy.0 = Release|Any CPU
		{70EE8FFF-250A-448D-B64B-2E704BA6AFC4}.Release|x64.ActiveCfg = Release|Any CPU
		{70EE8FFF-250A-448D-B64B-2E704BA6AFC4}.Release|x64.Build.0 = Release|Any CPU
		{70EE8FFF-250A-448D-B64B-2E704BA6AFC4}.Release|x64.Deploy.0 = Release|Any CPU
		{70EE8FFF-250A-448D-B64B-2E704BA6AFC4}.Release|x86.ActiveCfg = Release|Any CPU
		{70EE8FFF-250A-448D-B64B-2E704BA6AFC4}.Release|x86.Build.0 = Release|Any CPU
		{70EE8FFF-250A-448D-B64B-2E704BA6AFC4}.Release|x86.Deploy.0 = Release|Any CPU
	EndGlobalSection
	GlobalSection(SolutionProperties) = preSolution
		HideSolutionNode = FALSE
	EndGlobalSection
	GlobalSection(ExtensibilityGlobals) = postSolution
		SolutionGuid = {F3BAB1E4-FE31-4420-A07C-9B835786583B}
	EndGlobalSection
EndGlobal
